// !$*UTF8*$!
{
	archiveVersion = 1;
	classes = {
	};
	objectVersion = 46;
	objects = {

/* Begin PBXBuildFile section */
		61298F1A1F75918037B7191E /* libPods.a in Frameworks */ = {isa = PBXBuildFile; fileRef = 345DC219685F051F823BD06E /* libPods.a */; };
		8D35AF151AABB53E00B42AA9 /* FacebookDataManager.m in Sources */ = {isa = PBXBuildFile; fileRef = 8D35AF141AABB53E00B42AA9 /* FacebookDataManager.m */; };
		8D35AF221AABBFD300B42AA9 /* Lato-Black.ttf in Resources */ = {isa = PBXBuildFile; fileRef = 8D35AF171AABBFD300B42AA9 /* Lato-Black.ttf */; };
		8D35AF231AABBFD300B42AA9 /* Lato-BlackItalic.ttf in Resources */ = {isa = PBXBuildFile; fileRef = 8D35AF181AABBFD300B42AA9 /* Lato-BlackItalic.ttf */; };
		8D35AF241AABBFD300B42AA9 /* Lato-Bold.ttf in Resources */ = {isa = PBXBuildFile; fileRef = 8D35AF191AABBFD300B42AA9 /* Lato-Bold.ttf */; };
		8D35AF251AABBFD300B42AA9 /* Lato-BoldItalic.ttf in Resources */ = {isa = PBXBuildFile; fileRef = 8D35AF1A1AABBFD300B42AA9 /* Lato-BoldItalic.ttf */; };
		8D35AF261AABBFD300B42AA9 /* Lato-Hairline.ttf in Resources */ = {isa = PBXBuildFile; fileRef = 8D35AF1B1AABBFD300B42AA9 /* Lato-Hairline.ttf */; };
		8D35AF271AABBFD300B42AA9 /* Lato-HairlineItalic.ttf in Resources */ = {isa = PBXBuildFile; fileRef = 8D35AF1C1AABBFD300B42AA9 /* Lato-HairlineItalic.ttf */; };
		8D35AF281AABBFD300B42AA9 /* Lato-Italic.ttf in Resources */ = {isa = PBXBuildFile; fileRef = 8D35AF1D1AABBFD300B42AA9 /* Lato-Italic.ttf */; };
		8D35AF291AABBFD300B42AA9 /* Lato-Light.ttf in Resources */ = {isa = PBXBuildFile; fileRef = 8D35AF1E1AABBFD300B42AA9 /* Lato-Light.ttf */; };
		8D35AF2A1AABBFD300B42AA9 /* Lato-LightItalic.ttf in Resources */ = {isa = PBXBuildFile; fileRef = 8D35AF1F1AABBFD300B42AA9 /* Lato-LightItalic.ttf */; };
		8D35AF2B1AABBFD300B42AA9 /* Lato-Regular.ttf in Resources */ = {isa = PBXBuildFile; fileRef = 8D35AF201AABBFD300B42AA9 /* Lato-Regular.ttf */; };
		8D35AF2C1AABBFD300B42AA9 /* OFL.txt in Resources */ = {isa = PBXBuildFile; fileRef = 8D35AF211AABBFD300B42AA9 /* OFL.txt */; };
		8D475C0F1AAB370200A7F60E /* CurrentUserManager.swift in Sources */ = {isa = PBXBuildFile; fileRef = 8D475C0E1AAB370200A7F60E /* CurrentUserManager.swift */; };
		8D475C121AAB3CB900A7F60E /* TestAnvilLocationManager.swift in Sources */ = {isa = PBXBuildFile; fileRef = 8D475C111AAB3CB900A7F60E /* TestAnvilLocationManager.swift */; };
		8D475C141AAB4ABB00A7F60E /* NSParseObject.swift in Sources */ = {isa = PBXBuildFile; fileRef = 8D475C131AAB4ABB00A7F60E /* NSParseObject.swift */; };
		8D475C2F1AAB59A500A7F60E /* ObjectiveC_MainViewController.m in Sources */ = {isa = PBXBuildFile; fileRef = 8D475C2E1AAB59A500A7F60E /* ObjectiveC_MainViewController.m */; };
		8D475C321AAB59CB00A7F60E /* LeftViewController.m in Sources */ = {isa = PBXBuildFile; fileRef = 8D475C311AAB59CB00A7F60E /* LeftViewController.m */; };
		8D475C351AAB59DE00A7F60E /* RightViewController.m in Sources */ = {isa = PBXBuildFile; fileRef = 8D475C341AAB59DE00A7F60E /* RightViewController.m */; };
		8D475C4D1AAB75C200A7F60E /* MainNavigationController.m in Sources */ = {isa = PBXBuildFile; fileRef = 8D475C4C1AAB75C200A7F60E /* MainNavigationController.m */; };
		8D475CAD1AAB7A8B00A7F60E /* OpenSans-Bold.ttf in Resources */ = {isa = PBXBuildFile; fileRef = 8D475CA31AAB7A8B00A7F60E /* OpenSans-Bold.ttf */; };
		8D475CAE1AAB7A8B00A7F60E /* OpenSans-BoldItalic.ttf in Resources */ = {isa = PBXBuildFile; fileRef = 8D475CA41AAB7A8B00A7F60E /* OpenSans-BoldItalic.ttf */; };
		8D475CAF1AAB7A8B00A7F60E /* OpenSans-ExtraBold.ttf in Resources */ = {isa = PBXBuildFile; fileRef = 8D475CA51AAB7A8B00A7F60E /* OpenSans-ExtraBold.ttf */; };
		8D475CB01AAB7A8B00A7F60E /* OpenSans-ExtraBoldItalic.ttf in Resources */ = {isa = PBXBuildFile; fileRef = 8D475CA61AAB7A8B00A7F60E /* OpenSans-ExtraBoldItalic.ttf */; };
		8D475CB11AAB7A8B00A7F60E /* OpenSans-Italic.ttf in Resources */ = {isa = PBXBuildFile; fileRef = 8D475CA71AAB7A8B00A7F60E /* OpenSans-Italic.ttf */; };
		8D475CB21AAB7A8B00A7F60E /* OpenSans-Light.ttf in Resources */ = {isa = PBXBuildFile; fileRef = 8D475CA81AAB7A8B00A7F60E /* OpenSans-Light.ttf */; };
		8D475CB31AAB7A8B00A7F60E /* OpenSans-LightItalic.ttf in Resources */ = {isa = PBXBuildFile; fileRef = 8D475CA91AAB7A8B00A7F60E /* OpenSans-LightItalic.ttf */; };
		8D475CB41AAB7A8B00A7F60E /* OpenSans-Regular.ttf in Resources */ = {isa = PBXBuildFile; fileRef = 8D475CAA1AAB7A8B00A7F60E /* OpenSans-Regular.ttf */; };
		8D475CB51AAB7A8B00A7F60E /* OpenSans-Semibold.ttf in Resources */ = {isa = PBXBuildFile; fileRef = 8D475CAB1AAB7A8B00A7F60E /* OpenSans-Semibold.ttf */; };
		8D475CB61AAB7A8B00A7F60E /* OpenSans-SemiboldItalic.ttf in Resources */ = {isa = PBXBuildFile; fileRef = 8D475CAC1AAB7A8B00A7F60E /* OpenSans-SemiboldItalic.ttf */; };
		8D475CB71AAB7B4C00A7F60E /* OpenSans-Bold.ttf in Resources */ = {isa = PBXBuildFile; fileRef = 8D475CA31AAB7A8B00A7F60E /* OpenSans-Bold.ttf */; };
		8D475CBA1AAB7F1200A7F60E /* TestAnvilTableViewCell.m in Sources */ = {isa = PBXBuildFile; fileRef = 8D475CB91AAB7F1200A7F60E /* TestAnvilTableViewCell.m */; };
		8D475CBD1AAB7F6000A7F60E /* LeadingBoardTableViewCell.m in Sources */ = {isa = PBXBuildFile; fileRef = 8D475CBC1AAB7F6000A7F60E /* LeadingBoardTableViewCell.m */; };
		8D475CC01AAB7F8400A7F60E /* DistanceBoardTableViewCell.m in Sources */ = {isa = PBXBuildFile; fileRef = 8D475CBF1AAB7F8400A7F60E /* DistanceBoardTableViewCell.m */; };
		8D475CC31AAB7FE400A7F60E /* CityBoardTableViewCell.m in Sources */ = {isa = PBXBuildFile; fileRef = 8D475CC21AAB7FE400A7F60E /* CityBoardTableViewCell.m */; };
		8D475CC91AAB866300A7F60E /* LeftDataManager.m in Sources */ = {isa = PBXBuildFile; fileRef = 8D475CC81AAB866300A7F60E /* LeftDataManager.m */; };
		8D475CCC1AAB8D0700A7F60E /* TestAnvilUser.m in Sources */ = {isa = PBXBuildFile; fileRef = 8D475CCB1AAB8D0700A7F60E /* TestAnvilUser.m */; };
		8D475CCF1AAB8D5000A7F60E /* TestAnvilImage.m in Sources */ = {isa = PBXBuildFile; fileRef = 8D475CCE1AAB8D5000A7F60E /* TestAnvilImage.m */; };
		8D475CD11AABA5AB00A7F60E /* MapKit.framework in Frameworks */ = {isa = PBXBuildFile; fileRef = 8D475CD01AABA5AB00A7F60E /* MapKit.framework */; };
		8D475CD31AABA63C00A7F60E /* MainViewController.swift in Sources */ = {isa = PBXBuildFile; fileRef = 8D475CD21AABA63C00A7F60E /* MainViewController.swift */; };
		8D475CD51AABA6A700A7F60E /* InfoView.swift in Sources */ = {isa = PBXBuildFile; fileRef = 8D475CD41AABA6A700A7F60E /* InfoView.swift */; };
		8DB684DB1AAAA85800AB441C /* main.m in Sources */ = {isa = PBXBuildFile; fileRef = 8DB684DA1AAAA85800AB441C /* main.m */; };
		8DB684DE1AAAA85800AB441C /* AppDelegate.m in Sources */ = {isa = PBXBuildFile; fileRef = 8DB684DD1AAAA85800AB441C /* AppDelegate.m */; };
		8DB684E11AAAA85800AB441C /* TestAnvil.xcdatamodeld in Sources */ = {isa = PBXBuildFile; fileRef = 8DB684DF1AAAA85800AB441C /* TestAnvil.xcdatamodeld */; };
		8DB684E71AAAA85800AB441C /* Main.storyboard in Resources */ = {isa = PBXBuildFile; fileRef = 8DB684E51AAAA85800AB441C /* Main.storyboard */; };
		8DB684E91AAAA85800AB441C /* Images.xcassets in Resources */ = {isa = PBXBuildFile; fileRef = 8DB684E81AAAA85800AB441C /* Images.xcassets */; };
		8DB684EC1AAAA85800AB441C /* LaunchScreen.xib in Resources */ = {isa = PBXBuildFile; fileRef = 8DB684EA1AAAA85800AB441C /* LaunchScreen.xib */; };
		8DB684F81AAAA85800AB441C /* TestAnvilTests.m in Sources */ = {isa = PBXBuildFile; fileRef = 8DB684F71AAAA85800AB441C /* TestAnvilTests.m */; };
		8DB685051AAAA8D500AB441C /* CoreLocation.framework in Frameworks */ = {isa = PBXBuildFile; fileRef = 8DB685041AAAA8D500AB441C /* CoreLocation.framework */; };
/* End PBXBuildFile section */

/* Begin PBXContainerItemProxy section */
		8DB684F21AAAA85800AB441C /* PBXContainerItemProxy */ = {
			isa = PBXContainerItemProxy;
			containerPortal = 8DB684CD1AAAA85800AB441C /* Project object */;
			proxyType = 1;
			remoteGlobalIDString = 8DB684D41AAAA85800AB441C;
			remoteInfo = TestAnvil;
		};
/* End PBXContainerItemProxy section */

/* Begin PBXFileReference section */
		30B0253E5290A18244EF2D03 /* Pods.debug.xcconfig */ = {isa = PBXFileReference; includeInIndex = 1; lastKnownFileType = text.xcconfig; name = Pods.debug.xcconfig; path = "Pods/Target Support Files/Pods/Pods.debug.xcconfig"; sourceTree = "<group>"; };
		345DC219685F051F823BD06E /* libPods.a */ = {isa = PBXFileReference; explicitFileType = archive.ar; includeInIndex = 0; path = libPods.a; sourceTree = BUILT_PRODUCTS_DIR; };
		8D35AF131AABB53E00B42AA9 /* FacebookDataManager.h */ = {isa = PBXFileReference; fileEncoding = 4; lastKnownFileType = sourcecode.c.h; path = FacebookDataManager.h; sourceTree = "<group>"; };
		8D35AF141AABB53E00B42AA9 /* FacebookDataManager.m */ = {isa = PBXFileReference; fileEncoding = 4; lastKnownFileType = sourcecode.c.objc; path = FacebookDataManager.m; sourceTree = "<group>"; };
		8D35AF171AABBFD300B42AA9 /* Lato-Black.ttf */ = {isa = PBXFileReference; lastKnownFileType = file; path = "Lato-Black.ttf"; sourceTree = "<group>"; };
		8D35AF181AABBFD300B42AA9 /* Lato-BlackItalic.ttf */ = {isa = PBXFileReference; lastKnownFileType = file; path = "Lato-BlackItalic.ttf"; sourceTree = "<group>"; };
		8D35AF191AABBFD300B42AA9 /* Lato-Bold.ttf */ = {isa = PBXFileReference; lastKnownFileType = file; path = "Lato-Bold.ttf"; sourceTree = "<group>"; };
		8D35AF1A1AABBFD300B42AA9 /* Lato-BoldItalic.ttf */ = {isa = PBXFileReference; lastKnownFileType = file; path = "Lato-BoldItalic.ttf"; sourceTree = "<group>"; };
		8D35AF1B1AABBFD300B42AA9 /* Lato-Hairline.ttf */ = {isa = PBXFileReference; lastKnownFileType = file; path = "Lato-Hairline.ttf"; sourceTree = "<group>"; };
		8D35AF1C1AABBFD300B42AA9 /* Lato-HairlineItalic.ttf */ = {isa = PBXFileReference; lastKnownFileType = file; path = "Lato-HairlineItalic.ttf"; sourceTree = "<group>"; };
		8D35AF1D1AABBFD300B42AA9 /* Lato-Italic.ttf */ = {isa = PBXFileReference; lastKnownFileType = file; path = "Lato-Italic.ttf"; sourceTree = "<group>"; };
		8D35AF1E1AABBFD300B42AA9 /* Lato-Light.ttf */ = {isa = PBXFileReference; lastKnownFileType = file; path = "Lato-Light.ttf"; sourceTree = "<group>"; };
		8D35AF1F1AABBFD300B42AA9 /* Lato-LightItalic.ttf */ = {isa = PBXFileReference; lastKnownFileType = file; path = "Lato-LightItalic.ttf"; sourceTree = "<group>"; };
		8D35AF201AABBFD300B42AA9 /* Lato-Regular.ttf */ = {isa = PBXFileReference; lastKnownFileType = file; path = "Lato-Regular.ttf"; sourceTree = "<group>"; };
		8D35AF211AABBFD300B42AA9 /* OFL.txt */ = {isa = PBXFileReference; fileEncoding = 4; lastKnownFileType = text; path = OFL.txt; sourceTree = "<group>"; };
		8D475C0E1AAB370200A7F60E /* CurrentUserManager.swift */ = {isa = PBXFileReference; fileEncoding = 4; lastKnownFileType = sourcecode.swift; path = CurrentUserManager.swift; sourceTree = "<group>"; };
		8D475C111AAB3CB900A7F60E /* TestAnvilLocationManager.swift */ = {isa = PBXFileReference; fileEncoding = 4; lastKnownFileType = sourcecode.swift; path = TestAnvilLocationManager.swift; sourceTree = "<group>"; };
		8D475C131AAB4ABB00A7F60E /* NSParseObject.swift */ = {isa = PBXFileReference; fileEncoding = 4; lastKnownFileType = sourcecode.swift; path = NSParseObject.swift; sourceTree = "<group>"; };
		8D475C2D1AAB59A500A7F60E /* ObjectiveC_MainViewController.h */ = {isa = PBXFileReference; fileEncoding = 4; lastKnownFileType = sourcecode.c.h; path = ObjectiveC_MainViewController.h; sourceTree = "<group>"; };
		8D475C2E1AAB59A500A7F60E /* ObjectiveC_MainViewController.m */ = {isa = PBXFileReference; fileEncoding = 4; lastKnownFileType = sourcecode.c.objc; path = ObjectiveC_MainViewController.m; sourceTree = "<group>"; };
		8D475C301AAB59CB00A7F60E /* LeftViewController.h */ = {isa = PBXFileReference; fileEncoding = 4; lastKnownFileType = sourcecode.c.h; path = LeftViewController.h; sourceTree = "<group>"; };
		8D475C311AAB59CB00A7F60E /* LeftViewController.m */ = {isa = PBXFileReference; fileEncoding = 4; lastKnownFileType = sourcecode.c.objc; path = LeftViewController.m; sourceTree = "<group>"; };
		8D475C331AAB59DE00A7F60E /* RightViewController.h */ = {isa = PBXFileReference; fileEncoding = 4; lastKnownFileType = sourcecode.c.h; path = RightViewController.h; sourceTree = "<group>"; };
		8D475C341AAB59DE00A7F60E /* RightViewController.m */ = {isa = PBXFileReference; fileEncoding = 4; lastKnownFileType = sourcecode.c.objc; path = RightViewController.m; sourceTree = "<group>"; };
		8D475C4B1AAB75C200A7F60E /* MainNavigationController.h */ = {isa = PBXFileReference; fileEncoding = 4; lastKnownFileType = sourcecode.c.h; path = MainNavigationController.h; sourceTree = "<group>"; };
		8D475C4C1AAB75C200A7F60E /* MainNavigationController.m */ = {isa = PBXFileReference; fileEncoding = 4; lastKnownFileType = sourcecode.c.objc; path = MainNavigationController.m; sourceTree = "<group>"; };
		8D475CA31AAB7A8B00A7F60E /* OpenSans-Bold.ttf */ = {isa = PBXFileReference; lastKnownFileType = file; path = "OpenSans-Bold.ttf"; sourceTree = "<group>"; };
		8D475CA41AAB7A8B00A7F60E /* OpenSans-BoldItalic.ttf */ = {isa = PBXFileReference; lastKnownFileType = file; path = "OpenSans-BoldItalic.ttf"; sourceTree = "<group>"; };
		8D475CA51AAB7A8B00A7F60E /* OpenSans-ExtraBold.ttf */ = {isa = PBXFileReference; lastKnownFileType = file; path = "OpenSans-ExtraBold.ttf"; sourceTree = "<group>"; };
		8D475CA61AAB7A8B00A7F60E /* OpenSans-ExtraBoldItalic.ttf */ = {isa = PBXFileReference; lastKnownFileType = file; path = "OpenSans-ExtraBoldItalic.ttf"; sourceTree = "<group>"; };
		8D475CA71AAB7A8B00A7F60E /* OpenSans-Italic.ttf */ = {isa = PBXFileReference; lastKnownFileType = file; path = "OpenSans-Italic.ttf"; sourceTree = "<group>"; };
		8D475CA81AAB7A8B00A7F60E /* OpenSans-Light.ttf */ = {isa = PBXFileReference; lastKnownFileType = file; path = "OpenSans-Light.ttf"; sourceTree = "<group>"; };
		8D475CA91AAB7A8B00A7F60E /* OpenSans-LightItalic.ttf */ = {isa = PBXFileReference; lastKnownFileType = file; path = "OpenSans-LightItalic.ttf"; sourceTree = "<group>"; };
		8D475CAA1AAB7A8B00A7F60E /* OpenSans-Regular.ttf */ = {isa = PBXFileReference; lastKnownFileType = file; path = "OpenSans-Regular.ttf"; sourceTree = "<group>"; };
		8D475CAB1AAB7A8B00A7F60E /* OpenSans-Semibold.ttf */ = {isa = PBXFileReference; lastKnownFileType = file; path = "OpenSans-Semibold.ttf"; sourceTree = "<group>"; };
		8D475CAC1AAB7A8B00A7F60E /* OpenSans-SemiboldItalic.ttf */ = {isa = PBXFileReference; lastKnownFileType = file; path = "OpenSans-SemiboldItalic.ttf"; sourceTree = "<group>"; };
		8D475CB81AAB7F1200A7F60E /* TestAnvilTableViewCell.h */ = {isa = PBXFileReference; fileEncoding = 4; lastKnownFileType = sourcecode.c.h; path = TestAnvilTableViewCell.h; sourceTree = "<group>"; };
		8D475CB91AAB7F1200A7F60E /* TestAnvilTableViewCell.m */ = {isa = PBXFileReference; fileEncoding = 4; lastKnownFileType = sourcecode.c.objc; path = TestAnvilTableViewCell.m; sourceTree = "<group>"; };
		8D475CBB1AAB7F6000A7F60E /* LeadingBoardTableViewCell.h */ = {isa = PBXFileReference; fileEncoding = 4; lastKnownFileType = sourcecode.c.h; path = LeadingBoardTableViewCell.h; sourceTree = "<group>"; };
		8D475CBC1AAB7F6000A7F60E /* LeadingBoardTableViewCell.m */ = {isa = PBXFileReference; fileEncoding = 4; lastKnownFileType = sourcecode.c.objc; path = LeadingBoardTableViewCell.m; sourceTree = "<group>"; };
		8D475CBE1AAB7F8400A7F60E /* DistanceBoardTableViewCell.h */ = {isa = PBXFileReference; fileEncoding = 4; lastKnownFileType = sourcecode.c.h; path = DistanceBoardTableViewCell.h; sourceTree = "<group>"; };
		8D475CBF1AAB7F8400A7F60E /* DistanceBoardTableViewCell.m */ = {isa = PBXFileReference; fileEncoding = 4; lastKnownFileType = sourcecode.c.objc; path = DistanceBoardTableViewCell.m; sourceTree = "<group>"; };
		8D475CC11AAB7FE400A7F60E /* CityBoardTableViewCell.h */ = {isa = PBXFileReference; fileEncoding = 4; lastKnownFileType = sourcecode.c.h; path = CityBoardTableViewCell.h; sourceTree = "<group>"; };
		8D475CC21AAB7FE400A7F60E /* CityBoardTableViewCell.m */ = {isa = PBXFileReference; fileEncoding = 4; lastKnownFileType = sourcecode.c.objc; path = CityBoardTableViewCell.m; sourceTree = "<group>"; };
		8D475CC71AAB866300A7F60E /* LeftDataManager.h */ = {isa = PBXFileReference; fileEncoding = 4; lastKnownFileType = sourcecode.c.h; path = LeftDataManager.h; sourceTree = "<group>"; };
		8D475CC81AAB866300A7F60E /* LeftDataManager.m */ = {isa = PBXFileReference; fileEncoding = 4; lastKnownFileType = sourcecode.c.objc; path = LeftDataManager.m; sourceTree = "<group>"; };
		8D475CCA1AAB8D0700A7F60E /* TestAnvilUser.h */ = {isa = PBXFileReference; fileEncoding = 4; lastKnownFileType = sourcecode.c.h; path = TestAnvilUser.h; sourceTree = "<group>"; };
		8D475CCB1AAB8D0700A7F60E /* TestAnvilUser.m */ = {isa = PBXFileReference; fileEncoding = 4; lastKnownFileType = sourcecode.c.objc; path = TestAnvilUser.m; sourceTree = "<group>"; };
		8D475CCD1AAB8D5000A7F60E /* TestAnvilImage.h */ = {isa = PBXFileReference; fileEncoding = 4; lastKnownFileType = sourcecode.c.h; path = TestAnvilImage.h; sourceTree = "<group>"; };
		8D475CCE1AAB8D5000A7F60E /* TestAnvilImage.m */ = {isa = PBXFileReference; fileEncoding = 4; lastKnownFileType = sourcecode.c.objc; path = TestAnvilImage.m; sourceTree = "<group>"; };
		8D475CD01AABA5AB00A7F60E /* MapKit.framework */ = {isa = PBXFileReference; lastKnownFileType = wrapper.framework; name = MapKit.framework; path = System/Library/Frameworks/MapKit.framework; sourceTree = SDKROOT; };
		8D475CD21AABA63C00A7F60E /* MainViewController.swift */ = {isa = PBXFileReference; fileEncoding = 4; lastKnownFileType = sourcecode.swift; path = MainViewController.swift; sourceTree = "<group>"; };
		8D475CD41AABA6A700A7F60E /* InfoView.swift */ = {isa = PBXFileReference; fileEncoding = 4; lastKnownFileType = sourcecode.swift; path = InfoView.swift; sourceTree = "<group>"; };
		8DB684D51AAAA85800AB441C /* TestAnvil.app */ = {isa = PBXFileReference; explicitFileType = wrapper.application; includeInIndex = 0; path = TestAnvil.app; sourceTree = BUILT_PRODUCTS_DIR; };
		8DB684D91AAAA85800AB441C /* Info.plist */ = {isa = PBXFileReference; lastKnownFileType = text.plist.xml; path = Info.plist; sourceTree = "<group>"; };
		8DB684DA1AAAA85800AB441C /* main.m */ = {isa = PBXFileReference; lastKnownFileType = sourcecode.c.objc; path = main.m; sourceTree = "<group>"; };
		8DB684DC1AAAA85800AB441C /* AppDelegate.h */ = {isa = PBXFileReference; lastKnownFileType = sourcecode.c.h; path = AppDelegate.h; sourceTree = "<group>"; };
		8DB684DD1AAAA85800AB441C /* AppDelegate.m */ = {isa = PBXFileReference; lastKnownFileType = sourcecode.c.objc; path = AppDelegate.m; sourceTree = "<group>"; };
		8DB684E01AAAA85800AB441C /* TestAnvil.xcdatamodel */ = {isa = PBXFileReference; lastKnownFileType = wrapper.xcdatamodel; path = TestAnvil.xcdatamodel; sourceTree = "<group>"; };
		8DB684E61AAAA85800AB441C /* Base */ = {isa = PBXFileReference; lastKnownFileType = file.storyboard; name = Base; path = Base.lproj/Main.storyboard; sourceTree = "<group>"; };
		8DB684E81AAAA85800AB441C /* Images.xcassets */ = {isa = PBXFileReference; lastKnownFileType = folder.assetcatalog; path = Images.xcassets; sourceTree = "<group>"; };
		8DB684EB1AAAA85800AB441C /* Base */ = {isa = PBXFileReference; lastKnownFileType = file.xib; name = Base; path = Base.lproj/LaunchScreen.xib; sourceTree = "<group>"; };
		8DB684F11AAAA85800AB441C /* TestAnvilTests.xctest */ = {isa = PBXFileReference; explicitFileType = wrapper.cfbundle; includeInIndex = 0; path = TestAnvilTests.xctest; sourceTree = BUILT_PRODUCTS_DIR; };
		8DB684F61AAAA85800AB441C /* Info.plist */ = {isa = PBXFileReference; lastKnownFileType = text.plist.xml; path = Info.plist; sourceTree = "<group>"; };
		8DB684F71AAAA85800AB441C /* TestAnvilTests.m */ = {isa = PBXFileReference; lastKnownFileType = sourcecode.c.objc; path = TestAnvilTests.m; sourceTree = "<group>"; };
		8DB685011AAAA87200AB441C /* TestAnvil-Bridging-Header.h */ = {isa = PBXFileReference; lastKnownFileType = sourcecode.c.h; path = "TestAnvil-Bridging-Header.h"; sourceTree = "<group>"; };
		8DB685041AAAA8D500AB441C /* CoreLocation.framework */ = {isa = PBXFileReference; lastKnownFileType = wrapper.framework; name = CoreLocation.framework; path = System/Library/Frameworks/CoreLocation.framework; sourceTree = SDKROOT; };
		FB26C1DF686E05DEF7C6E807 /* Pods.release.xcconfig */ = {isa = PBXFileReference; includeInIndex = 1; lastKnownFileType = text.xcconfig; name = Pods.release.xcconfig; path = "Pods/Target Support Files/Pods/Pods.release.xcconfig"; sourceTree = "<group>"; };
/* End PBXFileReference section */

/* Begin PBXFrameworksBuildPhase section */
		8DB684D21AAAA85800AB441C /* Frameworks */ = {
			isa = PBXFrameworksBuildPhase;
			buildActionMask = 2147483647;
			files = (
				8D475CD11AABA5AB00A7F60E /* MapKit.framework in Frameworks */,
				8DB685051AAAA8D500AB441C /* CoreLocation.framework in Frameworks */,
				61298F1A1F75918037B7191E /* libPods.a in Frameworks */,
			);
			runOnlyForDeploymentPostprocessing = 0;
		};
		8DB684EE1AAAA85800AB441C /* Frameworks */ = {
			isa = PBXFrameworksBuildPhase;
			buildActionMask = 2147483647;
			files = (
			);
			runOnlyForDeploymentPostprocessing = 0;
		};
/* End PBXFrameworksBuildPhase section */

/* Begin PBXGroup section */
		5175C28767A85FF5E061121D /* Pods */ = {
			isa = PBXGroup;
			children = (
				30B0253E5290A18244EF2D03 /* Pods.debug.xcconfig */,
				FB26C1DF686E05DEF7C6E807 /* Pods.release.xcconfig */,
			);
			name = Pods;
			sourceTree = "<group>";
		};
		8D35AF161AABBFD300B42AA9 /* Lato */ = {
			isa = PBXGroup;
			children = (
				8D35AF171AABBFD300B42AA9 /* Lato-Black.ttf */,
				8D35AF181AABBFD300B42AA9 /* Lato-BlackItalic.ttf */,
				8D35AF191AABBFD300B42AA9 /* Lato-Bold.ttf */,
				8D35AF1A1AABBFD300B42AA9 /* Lato-BoldItalic.ttf */,
				8D35AF1B1AABBFD300B42AA9 /* Lato-Hairline.ttf */,
				8D35AF1C1AABBFD300B42AA9 /* Lato-HairlineItalic.ttf */,
				8D35AF1D1AABBFD300B42AA9 /* Lato-Italic.ttf */,
				8D35AF1E1AABBFD300B42AA9 /* Lato-Light.ttf */,
				8D35AF1F1AABBFD300B42AA9 /* Lato-LightItalic.ttf */,
				8D35AF201AABBFD300B42AA9 /* Lato-Regular.ttf */,
				8D35AF211AABBFD300B42AA9 /* OFL.txt */,
			);
			path = Lato;
			sourceTree = "<group>";
		};
		8D475C101AAB37ED00A7F60E /* DataManager */ = {
			isa = PBXGroup;
			children = (
				8D475C0E1AAB370200A7F60E /* CurrentUserManager.swift */,
				8D35AF131AABB53E00B42AA9 /* FacebookDataManager.h */,
				8D35AF141AABB53E00B42AA9 /* FacebookDataManager.m */,
				8D475C111AAB3CB900A7F60E /* TestAnvilLocationManager.swift */,
				8D475CC71AAB866300A7F60E /* LeftDataManager.h */,
				8D475CC81AAB866300A7F60E /* LeftDataManager.m */,
			);
			name = DataManager;
			sourceTree = "<group>";
		};
		8D475C151AAB4AFF00A7F60E /* DataClass */ = {
			isa = PBXGroup;
			children = (
				8D475C131AAB4ABB00A7F60E /* NSParseObject.swift */,
				8D475CCA1AAB8D0700A7F60E /* TestAnvilUser.h */,
				8D475CCB1AAB8D0700A7F60E /* TestAnvilUser.m */,
				8D475CCD1AAB8D5000A7F60E /* TestAnvilImage.h */,
				8D475CCE1AAB8D5000A7F60E /* TestAnvilImage.m */,
			);
			name = DataClass;
			sourceTree = "<group>";
		};
		8D475CA21AAB7A8B00A7F60E /* Open_Sans */ = {
			isa = PBXGroup;
			children = (
				8D475CA31AAB7A8B00A7F60E /* OpenSans-Bold.ttf */,
				8D475CA41AAB7A8B00A7F60E /* OpenSans-BoldItalic.ttf */,
				8D475CA51AAB7A8B00A7F60E /* OpenSans-ExtraBold.ttf */,
				8D475CA61AAB7A8B00A7F60E /* OpenSans-ExtraBoldItalic.ttf */,
				8D475CA71AAB7A8B00A7F60E /* OpenSans-Italic.ttf */,
				8D475CA81AAB7A8B00A7F60E /* OpenSans-Light.ttf */,
				8D475CA91AAB7A8B00A7F60E /* OpenSans-LightItalic.ttf */,
				8D475CAA1AAB7A8B00A7F60E /* OpenSans-Regular.ttf */,
				8D475CAB1AAB7A8B00A7F60E /* OpenSans-Semibold.ttf */,
				8D475CAC1AAB7A8B00A7F60E /* OpenSans-SemiboldItalic.ttf */,
			);
			path = Open_Sans;
			sourceTree = "<group>";
		};
		8D475CC41AAB840700A7F60E /* LeftTableViewCell */ = {
			isa = PBXGroup;
			children = (
				8D475CB81AAB7F1200A7F60E /* TestAnvilTableViewCell.h */,
				8D475CB91AAB7F1200A7F60E /* TestAnvilTableViewCell.m */,
				8D475CBB1AAB7F6000A7F60E /* LeadingBoardTableViewCell.h */,
				8D475CBC1AAB7F6000A7F60E /* LeadingBoardTableViewCell.m */,
				8D475CBE1AAB7F8400A7F60E /* DistanceBoardTableViewCell.h */,
				8D475CBF1AAB7F8400A7F60E /* DistanceBoardTableViewCell.m */,
				8D475CC11AAB7FE400A7F60E /* CityBoardTableViewCell.h */,
				8D475CC21AAB7FE400A7F60E /* CityBoardTableViewCell.m */,
			);
			name = LeftTableViewCell;
			sourceTree = "<group>";
		};
		8DB684CC1AAAA85800AB441C = {
			isa = PBXGroup;
			children = (
				8DB684D71AAAA85800AB441C /* TestAnvil */,
				8DB684F41AAAA85800AB441C /* TestAnvilTests */,
				8DB684D61AAAA85800AB441C /* Products */,
				5175C28767A85FF5E061121D /* Pods */,
				DB9972C39F7A8696873DD218 /* Frameworks */,
			);
			sourceTree = "<group>";
		};
		8DB684D61AAAA85800AB441C /* Products */ = {
			isa = PBXGroup;
			children = (
				8DB684D51AAAA85800AB441C /* TestAnvil.app */,
				8DB684F11AAAA85800AB441C /* TestAnvilTests.xctest */,
			);
			name = Products;
			sourceTree = "<group>";
		};
		8DB684D71AAAA85800AB441C /* TestAnvil */ = {
			isa = PBXGroup;
			children = (
				8DB684DC1AAAA85800AB441C /* AppDelegate.h */,
				8DB684DD1AAAA85800AB441C /* AppDelegate.m */,
				8D475C4B1AAB75C200A7F60E /* MainNavigationController.h */,
				8D475C4C1AAB75C200A7F60E /* MainNavigationController.m */,
				8D475CD21AABA63C00A7F60E /* MainViewController.swift */,
				8D475CD41AABA6A700A7F60E /* InfoView.swift */,
				8D475C2D1AAB59A500A7F60E /* ObjectiveC_MainViewController.h */,
				8D475C2E1AAB59A500A7F60E /* ObjectiveC_MainViewController.m */,
				8D475C301AAB59CB00A7F60E /* LeftViewController.h */,
				8D475C311AAB59CB00A7F60E /* LeftViewController.m */,
				8D475CC41AAB840700A7F60E /* LeftTableViewCell */,
				8D475C331AAB59DE00A7F60E /* RightViewController.h */,
				8D475C341AAB59DE00A7F60E /* RightViewController.m */,
				8D475C151AAB4AFF00A7F60E /* DataClass */,
				8D475C101AAB37ED00A7F60E /* DataManager */,
				8DB684E51AAAA85800AB441C /* Main.storyboard */,
				8DB684E81AAAA85800AB441C /* Images.xcassets */,
				8DB684EA1AAAA85800AB441C /* LaunchScreen.xib */,
				8DB684DF1AAAA85800AB441C /* TestAnvil.xcdatamodeld */,
				8DB685061AAAAFA000AB441C /* Frameworks */,
				8DB684D81AAAA85800AB441C /* Supporting Files */,
				8DB685011AAAA87200AB441C /* TestAnvil-Bridging-Header.h */,
			);
			path = TestAnvil;
			sourceTree = "<group>";
		};
		8DB684D81AAAA85800AB441C /* Supporting Files */ = {
			isa = PBXGroup;
			children = (
				8DB684D91AAAA85800AB441C /* Info.plist */,
				8DB684DA1AAAA85800AB441C /* main.m */,
				8D35AF161AABBFD300B42AA9 /* Lato */,
				8D475CA21AAB7A8B00A7F60E /* Open_Sans */,
			);
			name = "Supporting Files";
			sourceTree = "<group>";
		};
		8DB684F41AAAA85800AB441C /* TestAnvilTests */ = {
			isa = PBXGroup;
			children = (
				8DB684F71AAAA85800AB441C /* TestAnvilTests.m */,
				8DB684F51AAAA85800AB441C /* Supporting Files */,
			);
			path = TestAnvilTests;
			sourceTree = "<group>";
		};
		8DB684F51AAAA85800AB441C /* Supporting Files */ = {
			isa = PBXGroup;
			children = (
				8DB684F61AAAA85800AB441C /* Info.plist */,
			);
			name = "Supporting Files";
			sourceTree = "<group>";
		};
		8DB685061AAAAFA000AB441C /* Frameworks */ = {
			isa = PBXGroup;
			children = (
				8DB685041AAAA8D500AB441C /* CoreLocation.framework */,
			);
			name = Frameworks;
			sourceTree = "<group>";
		};
		DB9972C39F7A8696873DD218 /* Frameworks */ = {
			isa = PBXGroup;
			children = (
				8D475CD01AABA5AB00A7F60E /* MapKit.framework */,
				345DC219685F051F823BD06E /* libPods.a */,
			);
			name = Frameworks;
			sourceTree = "<group>";
		};
/* End PBXGroup section */

/* Begin PBXNativeTarget section */
		8DB684D41AAAA85800AB441C /* TestAnvil */ = {
			isa = PBXNativeTarget;
			buildConfigurationList = 8DB684FB1AAAA85800AB441C /* Build configuration list for PBXNativeTarget "TestAnvil" */;
			buildPhases = (
				ADBBCB8A7E97BC633320835A /* Check Pods Manifest.lock */,
				8DB684D11AAAA85800AB441C /* Sources */,
				8DB684D21AAAA85800AB441C /* Frameworks */,
				8DB684D31AAAA85800AB441C /* Resources */,
				1C30C0731C9664C09673E974 /* Copy Pods Resources */,
			);
			buildRules = (
			);
			dependencies = (
			);
			name = TestAnvil;
			productName = TestAnvil;
			productReference = 8DB684D51AAAA85800AB441C /* TestAnvil.app */;
			productType = "com.apple.product-type.application";
		};
		8DB684F01AAAA85800AB441C /* TestAnvilTests */ = {
			isa = PBXNativeTarget;
			buildConfigurationList = 8DB684FE1AAAA85800AB441C /* Build configuration list for PBXNativeTarget "TestAnvilTests" */;
			buildPhases = (
				8DB684ED1AAAA85800AB441C /* Sources */,
				8DB684EE1AAAA85800AB441C /* Frameworks */,
				8DB684EF1AAAA85800AB441C /* Resources */,
			);
			buildRules = (
			);
			dependencies = (
				8DB684F31AAAA85800AB441C /* PBXTargetDependency */,
			);
			name = TestAnvilTests;
			productName = TestAnvilTests;
			productReference = 8DB684F11AAAA85800AB441C /* TestAnvilTests.xctest */;
			productType = "com.apple.product-type.bundle.unit-test";
		};
/* End PBXNativeTarget section */

/* Begin PBXProject section */
		8DB684CD1AAAA85800AB441C /* Project object */ = {
			isa = PBXProject;
			attributes = {
				LastUpgradeCheck = 0620;
				ORGANIZATIONNAME = "Yi Qin";
				TargetAttributes = {
					8DB684D41AAAA85800AB441C = {
						CreatedOnToolsVersion = 6.2;
					};
					8DB684F01AAAA85800AB441C = {
						CreatedOnToolsVersion = 6.2;
						TestTargetID = 8DB684D41AAAA85800AB441C;
					};
				};
			};
			buildConfigurationList = 8DB684D01AAAA85800AB441C /* Build configuration list for PBXProject "TestAnvil" */;
			compatibilityVersion = "Xcode 3.2";
			developmentRegion = English;
			hasScannedForEncodings = 0;
			knownRegions = (
				en,
				Base,
			);
			mainGroup = 8DB684CC1AAAA85800AB441C;
			productRefGroup = 8DB684D61AAAA85800AB441C /* Products */;
			projectDirPath = "";
			projectRoot = "";
			targets = (
				8DB684D41AAAA85800AB441C /* TestAnvil */,
				8DB684F01AAAA85800AB441C /* TestAnvilTests */,
			);
		};
/* End PBXProject section */

/* Begin PBXResourcesBuildPhase section */
		8DB684D31AAAA85800AB441C /* Resources */ = {
			isa = PBXResourcesBuildPhase;
			buildActionMask = 2147483647;
			files = (
				8D35AF221AABBFD300B42AA9 /* Lato-Black.ttf in Resources */,
				8D475CB51AAB7A8B00A7F60E /* OpenSans-Semibold.ttf in Resources */,
				8D35AF231AABBFD300B42AA9 /* Lato-BlackItalic.ttf in Resources */,
				8D475CB61AAB7A8B00A7F60E /* OpenSans-SemiboldItalic.ttf in Resources */,
				8DB684E71AAAA85800AB441C /* Main.storyboard in Resources */,
				8D475CB41AAB7A8B00A7F60E /* OpenSans-Regular.ttf in Resources */,
				8D35AF2C1AABBFD300B42AA9 /* OFL.txt in Resources */,
				8D35AF291AABBFD300B42AA9 /* Lato-Light.ttf in Resources */,
				8D35AF251AABBFD300B42AA9 /* Lato-BoldItalic.ttf in Resources */,
				8D475CB11AAB7A8B00A7F60E /* OpenSans-Italic.ttf in Resources */,
				8D35AF2B1AABBFD300B42AA9 /* Lato-Regular.ttf in Resources */,
				8D35AF241AABBFD300B42AA9 /* Lato-Bold.ttf in Resources */,
				8D475CB01AAB7A8B00A7F60E /* OpenSans-ExtraBoldItalic.ttf in Resources */,
				8D35AF2A1AABBFD300B42AA9 /* Lato-LightItalic.ttf in Resources */,
				8D35AF281AABBFD300B42AA9 /* Lato-Italic.ttf in Resources */,
				8D35AF271AABBFD300B42AA9 /* Lato-HairlineItalic.ttf in Resources */,
				8DB684EC1AAAA85800AB441C /* LaunchScreen.xib in Resources */,
				8D475CB31AAB7A8B00A7F60E /* OpenSans-LightItalic.ttf in Resources */,
				8D475CAD1AAB7A8B00A7F60E /* OpenSans-Bold.ttf in Resources */,
				8DB684E91AAAA85800AB441C /* Images.xcassets in Resources */,
				8D35AF261AABBFD300B42AA9 /* Lato-Hairline.ttf in Resources */,
				8D475CB21AAB7A8B00A7F60E /* OpenSans-Light.ttf in Resources */,
				8D475CAE1AAB7A8B00A7F60E /* OpenSans-BoldItalic.ttf in Resources */,
				8D475CAF1AAB7A8B00A7F60E /* OpenSans-ExtraBold.ttf in Resources */,
			);
			runOnlyForDeploymentPostprocessing = 0;
		};
		8DB684EF1AAAA85800AB441C /* Resources */ = {
			isa = PBXResourcesBuildPhase;
			buildActionMask = 2147483647;
			files = (
				8D475CB71AAB7B4C00A7F60E /* OpenSans-Bold.ttf in Resources */,
			);
			runOnlyForDeploymentPostprocessing = 0;
		};
/* End PBXResourcesBuildPhase section */

/* Begin PBXShellScriptBuildPhase section */
		1C30C0731C9664C09673E974 /* Copy Pods Resources */ = {
			isa = PBXShellScriptBuildPhase;
			buildActionMask = 2147483647;
			files = (
			);
			inputPaths = (
			);
			name = "Copy Pods Resources";
			outputPaths = (
			);
			runOnlyForDeploymentPostprocessing = 0;
			shellPath = /bin/sh;
			shellScript = "\"${SRCROOT}/Pods/Target Support Files/Pods/Pods-resources.sh\"\n";
			showEnvVarsInLog = 0;
		};
		ADBBCB8A7E97BC633320835A /* Check Pods Manifest.lock */ = {
			isa = PBXShellScriptBuildPhase;
			buildActionMask = 2147483647;
			files = (
			);
			inputPaths = (
			);
			name = "Check Pods Manifest.lock";
			outputPaths = (
			);
			runOnlyForDeploymentPostprocessing = 0;
			shellPath = /bin/sh;
			shellScript = "diff \"${PODS_ROOT}/../Podfile.lock\" \"${PODS_ROOT}/Manifest.lock\" > /dev/null\nif [[ $? != 0 ]] ; then\n    cat << EOM\nerror: The sandbox is not in sync with the Podfile.lock. Run 'pod install' or update your CocoaPods installation.\nEOM\n    exit 1\nfi\n";
			showEnvVarsInLog = 0;
		};
/* End PBXShellScriptBuildPhase section */

/* Begin PBXSourcesBuildPhase section */
		8DB684D11AAAA85800AB441C /* Sources */ = {
			isa = PBXSourcesBuildPhase;
			buildActionMask = 2147483647;
			files = (
				8D475C321AAB59CB00A7F60E /* LeftViewController.m in Sources */,
				8D475CC01AAB7F8400A7F60E /* DistanceBoardTableViewCell.m in Sources */,
				8DB684DE1AAAA85800AB441C /* AppDelegate.m in Sources */,
				8D475CBD1AAB7F6000A7F60E /* LeadingBoardTableViewCell.m in Sources */,
				8D475C0F1AAB370200A7F60E /* CurrentUserManager.swift in Sources */,
				8D475CD31AABA63C00A7F60E /* MainViewController.swift in Sources */,
				8DB684E11AAAA85800AB441C /* TestAnvil.xcdatamodeld in Sources */,
				8D475C2F1AAB59A500A7F60E /* ObjectiveC_MainViewController.m in Sources */,
				8D475CD51AABA6A700A7F60E /* InfoView.swift in Sources */,
				8D475C351AAB59DE00A7F60E /* RightViewController.m in Sources */,
				8D475CC31AAB7FE400A7F60E /* CityBoardTableViewCell.m in Sources */,
				8D35AF151AABB53E00B42AA9 /* FacebookDataManager.m in Sources */,
				8DB684DB1AAAA85800AB441C /* main.m in Sources */,
				8D475CBA1AAB7F1200A7F60E /* TestAnvilTableViewCell.m in Sources */,
				8D475CC91AAB866300A7F60E /* LeftDataManager.m in Sources */,
				8D475C4D1AAB75C200A7F60E /* MainNavigationController.m in Sources */,
				8D475CCF1AAB8D5000A7F60E /* TestAnvilImage.m in Sources */,
				8D475CCC1AAB8D0700A7F60E /* TestAnvilUser.m in Sources */,
				8D475C121AAB3CB900A7F60E /* TestAnvilLocationManager.swift in Sources */,
				8D475C141AAB4ABB00A7F60E /* NSParseObject.swift in Sources */,
			);
			runOnlyForDeploymentPostprocessing = 0;
		};
		8DB684ED1AAAA85800AB441C /* Sources */ = {
			isa = PBXSourcesBuildPhase;
			buildActionMask = 2147483647;
			files = (
				8DB684F81AAAA85800AB441C /* TestAnvilTests.m in Sources */,
			);
			runOnlyForDeploymentPostprocessing = 0;
		};
/* End PBXSourcesBuildPhase section */

/* Begin PBXTargetDependency section */
		8DB684F31AAAA85800AB441C /* PBXTargetDependency */ = {
			isa = PBXTargetDependency;
			target = 8DB684D41AAAA85800AB441C /* TestAnvil */;
			targetProxy = 8DB684F21AAAA85800AB441C /* PBXContainerItemProxy */;
		};
/* End PBXTargetDependency section */

/* Begin PBXVariantGroup section */
		8DB684E51AAAA85800AB441C /* Main.storyboard */ = {
			isa = PBXVariantGroup;
			children = (
				8DB684E61AAAA85800AB441C /* Base */,
			);
			name = Main.storyboard;
			sourceTree = "<group>";
		};
		8DB684EA1AAAA85800AB441C /* LaunchScreen.xib */ = {
			isa = PBXVariantGroup;
			children = (
				8DB684EB1AAAA85800AB441C /* Base */,
			);
			name = LaunchScreen.xib;
			sourceTree = "<group>";
		};
/* End PBXVariantGroup section */

/* Begin XCBuildConfiguration section */
		8DB684F91AAAA85800AB441C /* Debug */ = {
			isa = XCBuildConfiguration;
			buildSettings = {
				ALWAYS_SEARCH_USER_PATHS = NO;
				CLANG_CXX_LANGUAGE_STANDARD = "gnu++0x";
				CLANG_CXX_LIBRARY = "libc++";
				CLANG_ENABLE_MODULES = YES;
				CLANG_ENABLE_OBJC_ARC = YES;
				CLANG_WARN_BOOL_CONVERSION = YES;
				CLANG_WARN_CONSTANT_CONVERSION = YES;
				CLANG_WARN_DIRECT_OBJC_ISA_USAGE = YES_ERROR;
				CLANG_WARN_EMPTY_BODY = YES;
				CLANG_WARN_ENUM_CONVERSION = YES;
				CLANG_WARN_INT_CONVERSION = YES;
				CLANG_WARN_OBJC_ROOT_CLASS = YES_ERROR;
				CLANG_WARN_UNREACHABLE_CODE = YES;
				CLANG_WARN__DUPLICATE_METHOD_MATCH = YES;
				"CODE_SIGN_IDENTITY[sdk=iphoneos*]" = "iPhone Developer";
				COPY_PHASE_STRIP = NO;
				ENABLE_STRICT_OBJC_MSGSEND = YES;
				GCC_C_LANGUAGE_STANDARD = gnu99;
				GCC_DYNAMIC_NO_PIC = NO;
				GCC_OPTIMIZATION_LEVEL = 0;
				GCC_PREPROCESSOR_DEFINITIONS = (
					"DEBUG=1",
					"$(inherited)",
				);
				GCC_SYMBOLS_PRIVATE_EXTERN = NO;
				GCC_WARN_64_TO_32_BIT_CONVERSION = YES;
				GCC_WARN_ABOUT_RETURN_TYPE = YES_ERROR;
				GCC_WARN_UNDECLARED_SELECTOR = YES;
				GCC_WARN_UNINITIALIZED_AUTOS = YES_AGGRESSIVE;
				GCC_WARN_UNUSED_FUNCTION = YES;
				GCC_WARN_UNUSED_VARIABLE = YES;
				IPHONEOS_DEPLOYMENT_TARGET = 8.2;
				MTL_ENABLE_DEBUG_INFO = YES;
				ONLY_ACTIVE_ARCH = YES;
				SDKROOT = iphoneos;
				TARGETED_DEVICE_FAMILY = "1,2";
			};
			name = Debug;
		};
		8DB684FA1AAAA85800AB441C /* Release */ = {
			isa = XCBuildConfiguration;
			buildSettings = {
				ALWAYS_SEARCH_USER_PATHS = NO;
				CLANG_CXX_LANGUAGE_STANDARD = "gnu++0x";
				CLANG_CXX_LIBRARY = "libc++";
				CLANG_ENABLE_MODULES = YES;
				CLANG_ENABLE_OBJC_ARC = YES;
				CLANG_WARN_BOOL_CONVERSION = YES;
				CLANG_WARN_CONSTANT_CONVERSION = YES;
				CLANG_WARN_DIRECT_OBJC_ISA_USAGE = YES_ERROR;
				CLANG_WARN_EMPTY_BODY = YES;
				CLANG_WARN_ENUM_CONVERSION = YES;
				CLANG_WARN_INT_CONVERSION = YES;
				CLANG_WARN_OBJC_ROOT_CLASS = YES_ERROR;
				CLANG_WARN_UNREACHABLE_CODE = YES;
				CLANG_WARN__DUPLICATE_METHOD_MATCH = YES;
				"CODE_SIGN_IDENTITY[sdk=iphoneos*]" = "iPhone Developer";
				COPY_PHASE_STRIP = NO;
				ENABLE_NS_ASSERTIONS = NO;
				ENABLE_STRICT_OBJC_MSGSEND = YES;
				GCC_C_LANGUAGE_STANDARD = gnu99;
				GCC_WARN_64_TO_32_BIT_CONVERSION = YES;
				GCC_WARN_ABOUT_RETURN_TYPE = YES_ERROR;
				GCC_WARN_UNDECLARED_SELECTOR = YES;
				GCC_WARN_UNINITIALIZED_AUTOS = YES_AGGRESSIVE;
				GCC_WARN_UNUSED_FUNCTION = YES;
				GCC_WARN_UNUSED_VARIABLE = YES;
				IPHONEOS_DEPLOYMENT_TARGET = 8.2;
				MTL_ENABLE_DEBUG_INFO = NO;
				SDKROOT = iphoneos;
				TARGETED_DEVICE_FAMILY = "1,2";
				VALIDATE_PRODUCT = YES;
			};
			name = Release;
		};
		8DB684FC1AAAA85800AB441C /* Debug */ = {
			isa = XCBuildConfiguration;
			baseConfigurationReference = 30B0253E5290A18244EF2D03 /* Pods.debug.xcconfig */;
			buildSettings = {
				ASSETCATALOG_COMPILER_APPICON_NAME = AppIcon;
				CLANG_ENABLE_MODULES = YES;
				CODE_SIGN_IDENTITY = "iPhone Developer";
				INFOPLIST_FILE = TestAnvil/Info.plist;
				IPHONEOS_DEPLOYMENT_TARGET = 8.0;
				LD_RUNPATH_SEARCH_PATHS = "$(inherited) @executable_path/Frameworks";
				PRODUCT_NAME = "$(TARGET_NAME)";
				SWIFT_OBJC_BRIDGING_HEADER = "TestAnvil/TestAnvil-Bridging-Header.h";
				SWIFT_OPTIMIZATION_LEVEL = "-Onone";
			};
			name = Debug;
		};
		8DB684FD1AAAA85800AB441C /* Release */ = {
			isa = XCBuildConfiguration;
			baseConfigurationReference = FB26C1DF686E05DEF7C6E807 /* Pods.release.xcconfig */;
			buildSettings = {
				ASSETCATALOG_COMPILER_APPICON_NAME = AppIcon;
				CLANG_ENABLE_MODULES = YES;
				CODE_SIGN_IDENTITY = "iPhone Developer";
				INFOPLIST_FILE = TestAnvil/Info.plist;
				IPHONEOS_DEPLOYMENT_TARGET = 8.0;
				LD_RUNPATH_SEARCH_PATHS = "$(inherited) @executable_path/Frameworks";
				PRODUCT_NAME = "$(TARGET_NAME)";
				SWIFT_OBJC_BRIDGING_HEADER = "TestAnvil/TestAnvil-Bridging-Header.h";
			};
			name = Release;
		};
		8DB684FF1AAAA85800AB441C /* Debug */ = {
			isa = XCBuildConfiguration;
			buildSettings = {
				BUNDLE_LOADER = "$(TEST_HOST)";
				FRAMEWORK_SEARCH_PATHS = (
					"$(SDKROOT)/Developer/Library/Frameworks",
					"$(inherited)",
				);
				GCC_PREPROCESSOR_DEFINITIONS = (
					"DEBUG=1",
					"$(inherited)",
				);
				INFOPLIST_FILE = TestAnvilTests/Info.plist;
				IPHONEOS_DEPLOYMENT_TARGET = 8.0;
				LD_RUNPATH_SEARCH_PATHS = "$(inherited) @executable_path/Frameworks @loader_path/Frameworks";
				PRODUCT_NAME = "$(TARGET_NAME)";
				TEST_HOST = "$(BUILT_PRODUCTS_DIR)/TestAnvil.app/TestAnvil";
			};
			name = Debug;
		};
		8DB685001AAAA85800AB441C /* Release */ = {
			isa = XCBuildConfiguration;
			buildSettings = {
				BUNDLE_LOADER = "$(TEST_HOST)";
				FRAMEWORK_SEARCH_PATHS = (
					"$(SDKROOT)/Developer/Library/Frameworks",
					"$(inherited)",
				);
				INFOPLIST_FILE = TestAnvilTests/Info.plist;
				IPHONEOS_DEPLOYMENT_TARGET = 8.0;
				LD_RUNPATH_SEARCH_PATHS = "$(inherited) @executable_path/Frameworks @loader_path/Frameworks";
				PRODUCT_NAME = "$(TARGET_NAME)";
				TEST_HOST = "$(BUILT_PRODUCTS_DIR)/TestAnvil.app/TestAnvil";
			};
			name = Release;
		};
/* End XCBuildConfiguration section */

/* Begin XCConfigurationList section */
		8DB684D01AAAA85800AB441C /* Build configuration list for PBXProject "TestAnvil" */ = {
			isa = XCConfigurationList;
			buildConfigurations = (
				8DB684F91AAAA85800AB441C /* Debug */,
				8DB684FA1AAAA85800AB441C /* Release */,
			);
			defaultConfigurationIsVisible = 0;
			defaultConfigurationName = Release;
		};
		8DB684FB1AAAA85800AB441C /* Build configuration list for PBXNativeTarget "TestAnvil" */ = {
			isa = XCConfigurationList;
			buildConfigurations = (
				8DB684FC1AAAA85800AB441C /* Debug */,
				8DB684FD1AAAA85800AB441C /* Release */,
			);
			defaultConfigurationIsVisible = 0;
			defaultConfigurationName = Release;
		};
		8DB684FE1AAAA85800AB441C /* Build configuration list for PBXNativeTarget "TestAnvilTests" */ = {
			isa = XCConfigurationList;
			buildConfigurations = (
				8DB684FF1AAAA85800AB441C /* Debug */,
				8DB685001AAAA85800AB441C /* Release */,
			);
			defaultConfigurationIsVisible = 0;
			defaultConfigurationName = Release;
		};
/* End XCConfigurationList section */

/* Begin XCVersionGroup section */
		8DB684DF1AAAA85800AB441C /* TestAnvil.xcdatamodeld */ = {
			isa = XCVersionGroup;
			children = (
				8DB684E01AAAA85800AB441C /* TestAnvil.xcdatamodel */,
			);
			currentVersion = 8DB684E01AAAA85800AB441C /* TestAnvil.xcdatamodel */;
			path = TestAnvil.xcdatamodeld;
			sourceTree = "<group>";
			versionGroupType = wrapper.xcdatamodel;
		};
/* End XCVersionGroup section */
	};
	rootObject = 8DB684CD1AAAA85800AB441C /* Project object */;
}
