// !$*UTF8*$!
{
	archiveVersion = 1;
	classes = {
	};
	objectVersion = 46;
	objects = {

/* Begin PBXBuildFile section */
		8DB684DB1AAAA85800AB441C /* main.m in Sources */ = {isa = PBXBuildFile; fileRef = 8DB684DA1AAAA85800AB441C /* main.m */; };
		8DB684DE1AAAA85800AB441C /* AppDelegate.m in Sources */ = {isa = PBXBuildFile; fileRef = 8DB684DD1AAAA85800AB441C /* AppDelegate.m */; };
		8DB684E11AAAA85800AB441C /* TestAnvil.xcdatamodeld in Sources */ = {isa = PBXBuildFile; fileRef = 8DB684DF1AAAA85800AB441C /* TestAnvil.xcdatamodeld */; };
		8DB684E41AAAA85800AB441C /* ViewController.m in Sources */ = {isa = PBXBuildFile; fileRef = 8DB684E31AAAA85800AB441C /* ViewController.m */; };
		8DB684E71AAAA85800AB441C /* Main.storyboard in Resources */ = {isa = PBXBuildFile; fileRef = 8DB684E51AAAA85800AB441C /* Main.storyboard */; };
		8DB684E91AAAA85800AB441C /* Images.xcassets in Resources */ = {isa = PBXBuildFile; fileRef = 8DB684E81AAAA85800AB441C /* Images.xcassets */; };
		8DB684EC1AAAA85800AB441C /* LaunchScreen.xib in Resources */ = {isa = PBXBuildFile; fileRef = 8DB684EA1AAAA85800AB441C /* LaunchScreen.xib */; };
		8DB684F81AAAA85800AB441C /* TestAnvilTests.m in Sources */ = {isa = PBXBuildFile; fileRef = 8DB684F71AAAA85800AB441C /* TestAnvilTests.m */; };
/* End PBXBuildFile section */

/* Begin PBXContainerItemProxy section */
		8DB684F21AAAA85800AB441C /* PBXContainerItemProxy */ = {
			isa = PBXContainerItemProxy;
			containerPortal = 8DB684CD1AAAA85800AB441C /* Project object */;
			proxyType = 1;
			remoteGlobalIDString = 8DB684D41AAAA85800AB441C;
			remoteInfo = TestAnvil;
		};
/* End PBXContainerItemProxy section */

/* Begin PBXFileReference section */
		8DB684D51AAAA85800AB441C /* TestAnvil.app */ = {isa = PBXFileReference; explicitFileType = wrapper.application; includeInIndex = 0; path = TestAnvil.app; sourceTree = BUILT_PRODUCTS_DIR; };
		8DB684D91AAAA85800AB441C /* Info.plist */ = {isa = PBXFileReference; lastKnownFileType = text.plist.xml; path = Info.plist; sourceTree = "<group>"; };
		8DB684DA1AAAA85800AB441C /* main.m */ = {isa = PBXFileReference; lastKnownFileType = sourcecode.c.objc; path = main.m; sourceTree = "<group>"; };
		8DB684DC1AAAA85800AB441C /* AppDelegate.h */ = {isa = PBXFileReference; lastKnownFileType = sourcecode.c.h; path = AppDelegate.h; sourceTree = "<group>"; };
		8DB684DD1AAAA85800AB441C /* AppDelegate.m */ = {isa = PBXFileReference; lastKnownFileType = sourcecode.c.objc; path = AppDelegate.m; sourceTree = "<group>"; };
		8DB684E01AAAA85800AB441C /* TestAnvil.xcdatamodel */ = {isa = PBXFileReference; lastKnownFileType = wrapper.xcdatamodel; path = TestAnvil.xcdatamodel; sourceTree = "<group>"; };
		8DB684E21AAAA85800AB441C /* ViewController.h */ = {isa = PBXFileReference; lastKnownFileType = sourcecode.c.h; path = ViewController.h; sourceTree = "<group>"; };
		8DB684E31AAAA85800AB441C /* ViewController.m */ = {isa = PBXFileReference; lastKnownFileType = sourcecode.c.objc; path = ViewController.m; sourceTree = "<group>"; };
		8DB684E61AAAA85800AB441C /* Base */ = {isa = PBXFileReference; lastKnownFileType = file.storyboard; name = Base; path = Base.lproj/Main.storyboard; sourceTree = "<group>"; };
		8DB684E81AAAA85800AB441C /* Images.xcassets */ = {isa = PBXFileReference; lastKnownFileType = folder.assetcatalog; path = Images.xcassets; sourceTree = "<group>"; };
		8DB684EB1AAAA85800AB441C /* Base */ = {isa = PBXFileReference; lastKnownFileType = file.xib; name = Base; path = Base.lproj/LaunchScreen.xib; sourceTree = "<group>"; };
		8DB684F11AAAA85800AB441C /* TestAnvilTests.xctest */ = {isa = PBXFileReference; explicitFileType = wrapper.cfbundle; includeInIndex = 0; path = TestAnvilTests.xctest; sourceTree = BUILT_PRODUCTS_DIR; };
		8DB684F61AAAA85800AB441C /* Info.plist */ = {isa = PBXFileReference; lastKnownFileType = text.plist.xml; path = Info.plist; sourceTree = "<group>"; };
		8DB684F71AAAA85800AB441C /* TestAnvilTests.m */ = {isa = PBXFileReference; lastKnownFileType = sourcecode.c.objc; path = TestAnvilTests.m; sourceTree = "<group>"; };
/* End PBXFileReference section */

/* Begin PBXFrameworksBuildPhase section */
		8DB684D21AAAA85800AB441C /* Frameworks */ = {
			isa = PBXFrameworksBuildPhase;
			buildActionMask = 2147483647;
			files = (
			);
			runOnlyForDeploymentPostprocessing = 0;
		};
		8DB684EE1AAAA85800AB441C /* Frameworks */ = {
			isa = PBXFrameworksBuildPhase;
			buildActionMask = 2147483647;
			files = (
			);
			runOnlyForDeploymentPostprocessing = 0;
		};
/* End PBXFrameworksBuildPhase section */

/* Begin PBXGroup section */
		8DB684CC1AAAA85800AB441C = {
			isa = PBXGroup;
			children = (
				8DB684D71AAAA85800AB441C /* TestAnvil */,
				8DB684F41AAAA85800AB441C /* TestAnvilTests */,
				8DB684D61AAAA85800AB441C /* Products */,
			);
			sourceTree = "<group>";
		};
		8DB684D61AAAA85800AB441C /* Products */ = {
			isa = PBXGroup;
			children = (
				8DB684D51AAAA85800AB441C /* TestAnvil.app */,
				8DB684F11AAAA85800AB441C /* TestAnvilTests.xctest */,
			);
			name = Products;
			sourceTree = "<group>";
		};
		8DB684D71AAAA85800AB441C /* TestAnvil */ = {
			isa = PBXGroup;
			children = (
				8DB684DC1AAAA85800AB441C /* AppDelegate.h */,
				8DB684DD1AAAA85800AB441C /* AppDelegate.m */,
				8DB684E21AAAA85800AB441C /* ViewController.h */,
				8DB684E31AAAA85800AB441C /* ViewController.m */,
				8DB684E51AAAA85800AB441C /* Main.storyboard */,
				8DB684E81AAAA85800AB441C /* Images.xcassets */,
				8DB684EA1AAAA85800AB441C /* LaunchScreen.xib */,
				8DB684DF1AAAA85800AB441C /* TestAnvil.xcdatamodeld */,
				8DB684D81AAAA85800AB441C /* Supporting Files */,
			);
			path = TestAnvil;
			sourceTree = "<group>";
		};
		8DB684D81AAAA85800AB441C /* Supporting Files */ = {
			isa = PBXGroup;
			children = (
				8DB684D91AAAA85800AB441C /* Info.plist */,
				8DB684DA1AAAA85800AB441C /* main.m */,
			);
			name = "Supporting Files";
			sourceTree = "<group>";
		};
		8DB684F41AAAA85800AB441C /* TestAnvilTests */ = {
			isa = PBXGroup;
			children = (
				8DB684F71AAAA85800AB441C /* TestAnvilTests.m */,
				8DB684F51AAAA85800AB441C /* Supporting Files */,
			);
			path = TestAnvilTests;
			sourceTree = "<group>";
		};
		8DB684F51AAAA85800AB441C /* Supporting Files */ = {
			isa = PBXGroup;
			children = (
				8DB684F61AAAA85800AB441C /* Info.plist */,
			);
			name = "Supporting Files";
			sourceTree = "<group>";
		};
/* End PBXGroup section */

/* Begin PBXNativeTarget section */
		8DB684D41AAAA85800AB441C /* TestAnvil */ = {
			isa = PBXNativeTarget;
			buildConfigurationList = 8DB684FB1AAAA85800AB441C /* Build configuration list for PBXNativeTarget "TestAnvil" */;
			buildPhases = (
				8DB684D11AAAA85800AB441C /* Sources */,
				8DB684D21AAAA85800AB441C /* Frameworks */,
				8DB684D31AAAA85800AB441C /* Resources */,
			);
			buildRules = (
			);
			dependencies = (
			);
			name = TestAnvil;
			productName = TestAnvil;
			productReference = 8DB684D51AAAA85800AB441C /* TestAnvil.app */;
			productType = "com.apple.product-type.application";
		};
		8DB684F01AAAA85800AB441C /* TestAnvilTests */ = {
			isa = PBXNativeTarget;
			buildConfigurationList = 8DB684FE1AAAA85800AB441C /* Build configuration list for PBXNativeTarget "TestAnvilTests" */;
			buildPhases = (
				8DB684ED1AAAA85800AB441C /* Sources */,
				8DB684EE1AAAA85800AB441C /* Frameworks */,
				8DB684EF1AAAA85800AB441C /* Resources */,
			);
			buildRules = (
			);
			dependencies = (
				8DB684F31AAAA85800AB441C /* PBXTargetDependency */,
			);
			name = TestAnvilTests;
			productName = TestAnvilTests;
			productReference = 8DB684F11AAAA85800AB441C /* TestAnvilTests.xctest */;
			productType = "com.apple.product-type.bundle.unit-test";
		};
/* End PBXNativeTarget section */

/* Begin PBXProject section */
		8DB684CD1AAAA85800AB441C /* Project object */ = {
			isa = PBXProject;
			attributes = {
				LastUpgradeCheck = 0620;
				ORGANIZATIONNAME = "Yi Qin";
				TargetAttributes = {
					8DB684D41AAAA85800AB441C = {
						CreatedOnToolsVersion = 6.2;
					};
					8DB684F01AAAA85800AB441C = {
						CreatedOnToolsVersion = 6.2;
						TestTargetID = 8DB684D41AAAA85800AB441C;
					};
				};
			};
			buildConfigurationList = 8DB684D01AAAA85800AB441C /* Build configuration list for PBXProject "TestAnvil" */;
			compatibilityVersion = "Xcode 3.2";
			developmentRegion = English;
			hasScannedForEncodings = 0;
			knownRegions = (
				en,
				Base,
			);
			mainGroup = 8DB684CC1AAAA85800AB441C;
			productRefGroup = 8DB684D61AAAA85800AB441C /* Products */;
			projectDirPath = "";
			projectRoot = "";
			targets = (
				8DB684D41AAAA85800AB441C /* TestAnvil */,
				8DB684F01AAAA85800AB441C /* TestAnvilTests */,
			);
		};
/* End PBXProject section */

/* Begin PBXResourcesBuildPhase section */
		8DB684D31AAAA85800AB441C /* Resources */ = {
			isa = PBXResourcesBuildPhase;
			buildActionMask = 2147483647;
			files = (
				8DB684E71AAAA85800AB441C /* Main.storyboard in Resources */,
				8DB684EC1AAAA85800AB441C /* LaunchScreen.xib in Resources */,
				8DB684E91AAAA85800AB441C /* Images.xcassets in Resources */,
			);
			runOnlyForDeploymentPostprocessing = 0;
		};
		8DB684EF1AAAA85800AB441C /* Resources */ = {
			isa = PBXResourcesBuildPhase;
			buildActionMask = 2147483647;
			files = (
			);
			runOnlyForDeploymentPostprocessing = 0;
		};
/* End PBXResourcesBuildPhase section */

/* Begin PBXSourcesBuildPhase section */
		8DB684D11AAAA85800AB441C /* Sources */ = {
			isa = PBXSourcesBuildPhase;
			buildActionMask = 2147483647;
			files = (
				8DB684DE1AAAA85800AB441C /* AppDelegate.m in Sources */,
				8DB684E11AAAA85800AB441C /* TestAnvil.xcdatamodeld in Sources */,
				8DB684E41AAAA85800AB441C /* ViewController.m in Sources */,
				8DB684DB1AAAA85800AB441C /* main.m in Sources */,
			);
			runOnlyForDeploymentPostprocessing = 0;
		};
		8DB684ED1AAAA85800AB441C /* Sources */ = {
			isa = PBXSourcesBuildPhase;
			buildActionMask = 2147483647;
			files = (
				8DB684F81AAAA85800AB441C /* TestAnvilTests.m in Sources */,
			);
			runOnlyForDeploymentPostprocessing = 0;
		};
/* End PBXSourcesBuildPhase section */

/* Begin PBXTargetDependency section */
		8DB684F31AAAA85800AB441C /* PBXTargetDependency */ = {
			isa = PBXTargetDependency;
			target = 8DB684D41AAAA85800AB441C /* TestAnvil */;
			targetProxy = 8DB684F21AAAA85800AB441C /* PBXContainerItemProxy */;
		};
/* End PBXTargetDependency section */

/* Begin PBXVariantGroup section */
		8DB684E51AAAA85800AB441C /* Main.storyboard */ = {
			isa = PBXVariantGroup;
			children = (
				8DB684E61AAAA85800AB441C /* Base */,
			);
			name = Main.storyboard;
			sourceTree = "<group>";
		};
		8DB684EA1AAAA85800AB441C /* LaunchScreen.xib */ = {
			isa = PBXVariantGroup;
			children = (
				8DB684EB1AAAA85800AB441C /* Base */,
			);
			name = LaunchScreen.xib;
			sourceTree = "<group>";
		};
/* End PBXVariantGroup section */

/* Begin XCBuildConfiguration section */
		8DB684F91AAAA85800AB441C /* Debug */ = {
			isa = XCBuildConfiguration;
			buildSettings = {
				ALWAYS_SEARCH_USER_PATHS = NO;
				CLANG_CXX_LANGUAGE_STANDARD = "gnu++0x";
				CLANG_CXX_LIBRARY = "libc++";
				CLANG_ENABLE_MODULES = YES;
				CLANG_ENABLE_OBJC_ARC = YES;
				CLANG_WARN_BOOL_CONVERSION = YES;
				CLANG_WARN_CONSTANT_CONVERSION = YES;
				CLANG_WARN_DIRECT_OBJC_ISA_USAGE = YES_ERROR;
				CLANG_WARN_EMPTY_BODY = YES;
				CLANG_WARN_ENUM_CONVERSION = YES;
				CLANG_WARN_INT_CONVERSION = YES;
				CLANG_WARN_OBJC_ROOT_CLASS = YES_ERROR;
				CLANG_WARN_UNREACHABLE_CODE = YES;
				CLANG_WARN__DUPLICATE_METHOD_MATCH = YES;
				"CODE_SIGN_IDENTITY[sdk=iphoneos*]" = "iPhone Developer";
				COPY_PHASE_STRIP = NO;
				ENABLE_STRICT_OBJC_MSGSEND = YES;
				GCC_C_LANGUAGE_STANDARD = gnu99;
				GCC_DYNAMIC_NO_PIC = NO;
				GCC_OPTIMIZATION_LEVEL = 0;
				GCC_PREPROCESSOR_DEFINITIONS = (
					"DEBUG=1",
					"$(inherited)",
				);
				GCC_SYMBOLS_PRIVATE_EXTERN = NO;
				GCC_WARN_64_TO_32_BIT_CONVERSION = YES;
				GCC_WARN_ABOUT_RETURN_TYPE = YES_ERROR;
				GCC_WARN_UNDECLARED_SELECTOR = YES;
				GCC_WARN_UNINITIALIZED_AUTOS = YES_AGGRESSIVE;
				GCC_WARN_UNUSED_FUNCTION = YES;
				GCC_WARN_UNUSED_VARIABLE = YES;
				IPHONEOS_DEPLOYMENT_TARGET = 8.2;
				MTL_ENABLE_DEBUG_INFO = YES;
				ONLY_ACTIVE_ARCH = YES;
				SDKROOT = iphoneos;
				TARGETED_DEVICE_FAMILY = "1,2";
			};
			name = Debug;
		};
		8DB684FA1AAAA85800AB441C /* Release */ = {
			isa = XCBuildConfiguration;
			buildSettings = {
				ALWAYS_SEARCH_USER_PATHS = NO;
				CLANG_CXX_LANGUAGE_STANDARD = "gnu++0x";
				CLANG_CXX_LIBRARY = "libc++";
				CLANG_ENABLE_MODULES = YES;
				CLANG_ENABLE_OBJC_ARC = YES;
				CLANG_WARN_BOOL_CONVERSION = YES;
				CLANG_WARN_CONSTANT_CONVERSION = YES;
				CLANG_WARN_DIRECT_OBJC_ISA_USAGE = YES_ERROR;
				CLANG_WARN_EMPTY_BODY = YES;
				CLANG_WARN_ENUM_CONVERSION = YES;
				CLANG_WARN_INT_CONVERSION = YES;
				CLANG_WARN_OBJC_ROOT_CLASS = YES_ERROR;
				CLANG_WARN_UNREACHABLE_CODE = YES;
				CLANG_WARN__DUPLICATE_METHOD_MATCH = YES;
				"CODE_SIGN_IDENTITY[sdk=iphoneos*]" = "iPhone Developer";
				COPY_PHASE_STRIP = NO;
				ENABLE_NS_ASSERTIONS = NO;
				ENABLE_STRICT_OBJC_MSGSEND = YES;
				GCC_C_LANGUAGE_STANDARD = gnu99;
				GCC_WARN_64_TO_32_BIT_CONVERSION = YES;
				GCC_WARN_ABOUT_RETURN_TYPE = YES_ERROR;
				GCC_WARN_UNDECLARED_SELECTOR = YES;
				GCC_WARN_UNINITIALIZED_AUTOS = YES_AGGRESSIVE;
				GCC_WARN_UNUSED_FUNCTION = YES;
				GCC_WARN_UNUSED_VARIABLE = YES;
				IPHONEOS_DEPLOYMENT_TARGET = 8.2;
				MTL_ENABLE_DEBUG_INFO = NO;
				SDKROOT = iphoneos;
				TARGETED_DEVICE_FAMILY = "1,2";
				VALIDATE_PRODUCT = YES;
			};
			name = Release;
		};
		8DB684FC1AAAA85800AB441C /* Debug */ = {
			isa = XCBuildConfiguration;
			buildSettings = {
				ASSETCATALOG_COMPILER_APPICON_NAME = AppIcon;
				INFOPLIST_FILE = TestAnvil/Info.plist;
				LD_RUNPATH_SEARCH_PATHS = "$(inherited) @executable_path/Frameworks";
				PRODUCT_NAME = "$(TARGET_NAME)";
			};
			name = Debug;
		};
		8DB684FD1AAAA85800AB441C /* Release */ = {
			isa = XCBuildConfiguration;
			buildSettings = {
				ASSETCATALOG_COMPILER_APPICON_NAME = AppIcon;
				INFOPLIST_FILE = TestAnvil/Info.plist;
				LD_RUNPATH_SEARCH_PATHS = "$(inherited) @executable_path/Frameworks";
				PRODUCT_NAME = "$(TARGET_NAME)";
			};
			name = Release;
		};
		8DB684FF1AAAA85800AB441C /* Debug */ = {
			isa = XCBuildConfiguration;
			buildSettings = {
				BUNDLE_LOADER = "$(TEST_HOST)";
				FRAMEWORK_SEARCH_PATHS = (
					"$(SDKROOT)/Developer/Library/Frameworks",
					"$(inherited)",
				);
				GCC_PREPROCESSOR_DEFINITIONS = (
					"DEBUG=1",
					"$(inherited)",
				);
				INFOPLIST_FILE = TestAnvilTests/Info.plist;
				LD_RUNPATH_SEARCH_PATHS = "$(inherited) @executable_path/Frameworks @loader_path/Frameworks";
				PRODUCT_NAME = "$(TARGET_NAME)";
				TEST_HOST = "$(BUILT_PRODUCTS_DIR)/TestAnvil.app/TestAnvil";
			};
			name = Debug;
		};
		8DB685001AAAA85800AB441C /* Release */ = {
			isa = XCBuildConfiguration;
			buildSettings = {
				BUNDLE_LOADER = "$(TEST_HOST)";
				FRAMEWORK_SEARCH_PATHS = (
					"$(SDKROOT)/Developer/Library/Frameworks",
					"$(inherited)",
				);
				INFOPLIST_FILE = TestAnvilTests/Info.plist;
				LD_RUNPATH_SEARCH_PATHS = "$(inherited) @executable_path/Frameworks @loader_path/Frameworks";
				PRODUCT_NAME = "$(TARGET_NAME)";
				TEST_HOST = "$(BUILT_PRODUCTS_DIR)/TestAnvil.app/TestAnvil";
			};
			name = Release;
		};
/* End XCBuildConfiguration section */

/* Begin XCConfigurationList section */
		8DB684D01AAAA85800AB441C /* Build configuration list for PBXProject "TestAnvil" */ = {
			isa = XCConfigurationList;
			buildConfigurations = (
				8DB684F91AAAA85800AB441C /* Debug */,
				8DB684FA1AAAA85800AB441C /* Release */,
			);
			defaultConfigurationIsVisible = 0;
			defaultConfigurationName = Release;
		};
		8DB684FB1AAAA85800AB441C /* Build configuration list for PBXNativeTarget "TestAnvil" */ = {
			isa = XCConfigurationList;
			buildConfigurations = (
				8DB684FC1AAAA85800AB441C /* Debug */,
				8DB684FD1AAAA85800AB441C /* Release */,
			);
			defaultConfigurationIsVisible = 0;
		};
		8DB684FE1AAAA85800AB441C /* Build configuration list for PBXNativeTarget "TestAnvilTests" */ = {
			isa = XCConfigurationList;
			buildConfigurations = (
				8DB684FF1AAAA85800AB441C /* Debug */,
				8DB685001AAAA85800AB441C /* Release */,
			);
			defaultConfigurationIsVisible = 0;
		};
/* End XCConfigurationList section */

/* Begin XCVersionGroup section */
		8DB684DF1AAAA85800AB441C /* TestAnvil.xcdatamodeld */ = {
			isa = XCVersionGroup;
			children = (
				8DB684E01AAAA85800AB441C /* TestAnvil.xcdatamodel */,
			);
			currentVersion = 8DB684E01AAAA85800AB441C /* TestAnvil.xcdatamodel */;
			path = TestAnvil.xcdatamodeld;
			sourceTree = "<group>";
			versionGroupType = wrapper.xcdatamodel;
		};
/* End XCVersionGroup section */
	};
	rootObject = 8DB684CD1AAAA85800AB441C /* Project object */;
}
